
Microsoft Visual Studio Solution File, Format Version 12.00
# Visual Studio Version 17
VisualStudioVersion = 17.13.35818.85 d17.13
MinimumVisualStudioVersion = 10.0.40219.1
Project("{FAE04EC0-301F-11D3-BF4B-00C04F79EFBC}") = "homework2.app", "homework2.app.csproj", "{AA14779F-01E6-97B9-350D-13077F209A13}"
EndProject
Global
	GlobalSection(SolutionConfigurationPlatforms) = preSolution
		Debug|Any CPU = Debug|Any CPU
		Release|Any CPU = Release|Any CPU
	EndGlobalSection
	GlobalSection(ProjectConfigurationPlatforms) = postSolution
		{AA14779F-01E6-97B9-350D-13077F209A13}.Debug|Any CPU.ActiveCfg = Debug|Any CPU
		{AA14779F-01E6-97B9-350D-13077F209A13}.Debug|Any CPU.Build.0 = Debug|Any CPU
		{AA14779F-01E6-97B9-350D-13077F209A13}.Release|Any CPU.ActiveCfg = Release|Any CPU
		{AA14779F-01E6-97B9-350D-13077F209A13}.Release|Any CPU.Build.0 = Release|Any CPU
	EndGlobalSection
	GlobalSection(SolutionProperties) = preSolution
		HideSolutionNode = FALSE
	EndGlobalSection
	GlobalSection(ExtensibilityGlobals) = postSolution
		SolutionGuid = {188AF6F6-18AA-4513-8122-67CC8EFAB556}
	EndGlobalSection
EndGlobal
