
Microsoft Visual Studio Solution File, Format Version 12.00
# Visual Studio Version 17
VisualStudioVersion = 17.13.35818.85 d17.13
MinimumVisualStudioVersion = 10.0.40219.1
Project("{FAE04EC0-301F-11D3-BF4B-00C04F79EFBC}") = "homework1.app", "..\homework1.app\homework1.app.csproj", "{26428A90-87C6-4A38-BDFB-8486C5DB04C4}"
EndProject
Global
	GlobalSection(SolutionConfigurationPlatforms) = preSolution
		Debug|Any CPU = Debug|Any CPU
		Release|Any CPU = Release|Any CPU
	EndGlobalSection
	GlobalSection(ProjectConfigurationPlatforms) = postSolution
		{26428A90-87C6-4A38-BDFB-8486C5DB04C4}.Debug|Any CPU.ActiveCfg = Debug|Any CPU
		{26428A90-87C6-4A38-BDFB-8486C5DB04C4}.Debug|Any CPU.Build.0 = Debug|Any CPU
		{26428A90-87C6-4A38-BDFB-8486C5DB04C4}.Release|Any CPU.ActiveCfg = Release|Any CPU
		{26428A90-87C6-4A38-BDFB-8486C5DB04C4}.Release|Any CPU.Build.0 = Release|Any CPU
	EndGlobalSection
	GlobalSection(SolutionProperties) = preSolution
		HideSolutionNode = FALSE
	EndGlobalSection
	GlobalSection(ExtensibilityGlobals) = postSolution
		SolutionGuid = {2E59161D-23DF-4137-9205-3AD80CEDDCD9}
	EndGlobalSection
EndGlobal
